{"SurveyEntry":{"SurveyID":"SV_bIXcRE8JD08YkHH","SurveyName":"Brands","SurveyDescription":null,"SurveyOwnerID":"UR_ehbs6JXU26caCMJ","SurveyBrandID":"duq","DivisionID":null,"SurveyLanguage":"EN","SurveyActiveResponseSet":"RS_bO6iW90vo9kJWM5","SurveyStatus":"Inactive","SurveyStartDate":"0000-00-00 00:00:00","SurveyExpirationDate":"0000-00-00 00:00:00","SurveyCreationDate":"2019-03-13 07:09:45","CreatorID":"UR_ehbs6JXU26caCMJ","LastModified":"2021-02-16 11:45:36","LastAccessed":"0000-00-00 00:00:00","LastActivated":"2019-03-15 10:00:53","Deleted":null},"SurveyElements":[{"SurveyID":"SV_bIXcRE8JD08YkHH","Element":"BL","PrimaryAttribute":"Survey Blocks","SecondaryAttribute":null,"TertiaryAttribute":null,"Payload":{"0":{"Type":"Default","Description":"Default Question Block","ID":"BL_enBd7tsw5N6sVy5","BlockElements":[{"Type":"Question","QuestionID":"QID1"},{"Type":"Question","QuestionID":"QID8"},{"Type":"Question","QuestionID":"QID21"}]},"1":{"Type":"Trash","Description":"Trash \/ Unused Questions","ID":"BL_9umk90HeukMxG0B","BlockElements":[{"Type":"Question","QuestionID":"QID30"}]},"3":{"Type":"Standard","SubType":"","Description":"Demographics","ID":"BL_9ZfGswhY83Wu0Lj","BlockElements":[{"Type":"Question","QuestionID":"QID16"},{"Type":"Question","QuestionID":"QID17"},{"Type":"Question","QuestionID":"QID18"}],"Options":{"BlockLocking":"false","RandomizeQuestions":"false","BlockVisibility":"Expanded"}},"5":{"Type":"Standard","SubType":"","Description":"Regular brands own\/rank","ID":"BL_5pEDAbJfOzBJOXH","BlockElements":[{"Type":"Question","QuestionID":"QID20"},{"Type":"Question","QuestionID":"QID10"}],"Options":{"BlockLocking":"false","RandomizeQuestions":"false","BlockVisibility":"Expanded"}},"6":{"Type":"Standard","SubType":"","Description":"Additional Brands","ID":"BL_0ONlAKu2yQ9iGBD","BlockElements":[{"Type":"Question","QuestionID":"QID22"},{"Type":"Question","QuestionID":"QID24"}],"Options":{"BlockLocking":"false","RandomizeQuestions":"false","Looping":"None","LoopingOptions":null,"BlockVisibility":"Expanded"}},"7":{"Type":"Standard","SubType":"","Description":"Even more brands","ID":"BL_ahsrTrFJmOeelKt","BlockElements":[{"Type":"Question","QuestionID":"QID26"},{"Type":"Question","QuestionID":"QID27"},{"Type":"Question","QuestionID":"QID28"}],"Options":{"BlockLocking":"false","RandomizeQuestions":"false","BlockVisibility":"Expanded"}},"8":{"Type":"Standard","SubType":"","Description":"Additional own","ID":"BL_6Vuz7VwBWpkhUSV","BlockElements":[{"Type":"Question","QuestionID":"QID23"},{"Type":"Question","QuestionID":"QID29"}],"Options":{"BlockLocking":"false","RandomizeQuestions":"false","BlockVisibility":"Expanded"}},"9":{"Type":"Standard","SubType":"","Description":"Block 6","ID":"BL_4OD9O6Cix4dyGYl","BlockElements":[{"Type":"Question","QuestionID":"QID31"}]}}},{"SurveyID":"SV_bIXcRE8JD08YkHH","Element":"FL","PrimaryAttribute":"Survey Flow","SecondaryAttribute":null,"TertiaryAttribute":null,"Payload":{"Type":"Root","FlowID":"FL_1","Flow":[{"Type":"Block","ID":"BL_enBd7tsw5N6sVy5","FlowID":"FL_2"},{"Type":"Branch","FlowID":"FL_8","Description":"New Branch","BranchLogic":{"0":{"0":{"LogicType":"Question","QuestionID":"QID21","QuestionIsInLoop":"no","ChoiceLocator":"q:\/\/QID21\/SelectableChoice\/1","Operator":"Selected","QuestionIDFromLocator":"QID21","LeftOperand":"q:\/\/QID21\/SelectableChoice\/1","Type":"Expression","Description":"<span class=\"ConjDesc\">If<\/span> <span class=\"QuestionDesc\">Do you want to enter additional brands?<\/span> <span class=\"LeftOpDesc\">Yes<\/span> <span class=\"OpDesc\">Is Selected<\/span> "},"Type":"If"},"Type":"BooleanExpression"},"Flow":[{"Type":"Standard","ID":"BL_0ONlAKu2yQ9iGBD","FlowID":"FL_7"},{"Type":"Branch","FlowID":"FL_12","Description":"New Branch","BranchLogic":{"0":{"0":{"LogicType":"Question","QuestionID":"QID24","QuestionIsInLoop":"no","ChoiceLocator":"q:\/\/QID24\/SelectableChoice\/35","Operator":"Selected","QuestionIDFromLocator":"QID24","LeftOperand":"q:\/\/QID24\/SelectableChoice\/35","Type":"Expression","Description":"<span class=\"ConjDesc\">If<\/span> <span class=\"QuestionDesc\">Do you want to enter more brands?<\/span> <span class=\"LeftOpDesc\">Yes<\/span> <span class=\"OpDesc\">Is Selected<\/span> "},"Type":"If"},"Type":"BooleanExpression"},"Flow":[{"Type":"Standard","ID":"BL_ahsrTrFJmOeelKt","FlowID":"FL_10"}]},{"Type":"Branch","FlowID":"FL_14","Description":"New Branch","BranchLogic":{"0":{"0":{"LogicType":"Question","QuestionID":"QID24","QuestionIsInLoop":"no","ChoiceLocator":"q:\/\/QID24\/SelectableChoice\/36","Operator":"Selected","QuestionIDFromLocator":"QID24","LeftOperand":"q:\/\/QID24\/SelectableChoice\/36","Type":"Expression","Description":"<span class=\"ConjDesc\">If<\/span> <span class=\"QuestionDesc\">Do you want to enter more brands?<\/span> <span class=\"LeftOpDesc\">No<\/span> <span class=\"OpDesc\">Is Selected<\/span> "},"Type":"If"},"Type":"BooleanExpression"},"Flow":[{"Type":"Standard","ID":"BL_6Vuz7VwBWpkhUSV","FlowID":"FL_13"}]}]},{"Type":"Branch","FlowID":"FL_9","Description":"New Branch","BranchLogic":{"0":{"0":{"LogicType":"Question","QuestionID":"QID21","QuestionIsInLoop":"no","ChoiceLocator":"q:\/\/QID21\/SelectableChoice\/2","Operator":"Selected","QuestionIDFromLocator":"QID21","LeftOperand":"q:\/\/QID21\/SelectableChoice\/2","Type":"Expression","Description":"<span class=\"ConjDesc\">If<\/span> <span class=\"QuestionDesc\">Do you want to enter additional brands?<\/span> <span class=\"LeftOpDesc\">No<\/span> <span class=\"OpDesc\">Is Selected<\/span> "},"Type":"If"},"Type":"BooleanExpression"},"Flow":[{"Type":"Standard","ID":"BL_5pEDAbJfOzBJOXH","FlowID":"FL_6"}]},{"Type":"Standard","ID":"BL_9ZfGswhY83Wu0Lj","FlowID":"FL_4"},{"Type":"Standard","ID":"BL_4OD9O6Cix4dyGYl","FlowID":"FL_16"}],"Properties":{"Count":16,"RemovedFieldsets":[]}}},{"SurveyID":"SV_bIXcRE8JD08YkHH","Element":"SO","PrimaryAttribute":"Survey Options","SecondaryAttribute":null,"TertiaryAttribute":null,"Payload":{"BackButton":"false","SaveAndContinue":"true","SurveyProtection":"PublicSurvey","BallotBoxStuffingPrevention":"false","NoIndex":"Yes","SecureResponseFiles":"true","SurveyExpiration":"None","SurveyTermination":"DefaultMessage","Header":"<link href=\"https:\/\/ajax.googleapis.com\/ajax\/libs\/jqueryui\/1.12.1\/themes\/smoothness\/jquery-ui.css\" rel=\"stylesheet\" \/><script src=\"https:\/\/ajax.googleapis.com\/ajax\/libs\/jqueryui\/1.12.1\/jquery-ui.min.js\"><\/script><script> \nvar loaded=0; <\/script>","Footer":"","ProgressBarDisplay":"None","PartialData":"+1 week","ValidationMessage":"","PreviousButton":" \u2190 ","NextButton":" \u2192 ","SkinLibrary":"duq","SkinType":"templated","Skin":{"brandingId":null,"templateId":"*modern","overrides":null},"NewScoring":1,"CustomStyles":[],"Autofocus":"false","Autoadvance":"false","AutoadvancePages":"false","QuestionsPerPage":"","PageTransition":"None","headerMid":"","SurveyName":"Brands","libraryId":"","nextButtonMid":"","previousButtonMid":"","footerMid":"","HighlightQuestions":"off","AutoadvanceHideButton":"false","ProtectSelectionIds":true}},{"SurveyID":"SV_bIXcRE8JD08YkHH","Element":"SCO","PrimaryAttribute":"Scoring","SecondaryAttribute":null,"TertiaryAttribute":null,"Payload":{"ScoringCategories":[{"ID":"SC_7QIxSEqMHPq2JJX","Name":"Score","Description":""}],"ScoringCategoryGroups":[],"DefaultScoringCategory":"SC_7QIxSEqMHPq2JJX","ScoringSummaryCategory":null,"ScoringSummaryAfterQuestions":0,"ScoringSummaryAfterSurvey":0,"AutoScoringCategory":null}},{"SurveyID":"SV_bIXcRE8JD08YkHH","Element":"PROJ","PrimaryAttribute":"CORE","SecondaryAttribute":null,"TertiaryAttribute":"1.1.0","Payload":{"ProjectCategory":"CORE","SchemaVersion":"1.1.0"}},{"SurveyID":"SV_bIXcRE8JD08YkHH","Element":"STAT","PrimaryAttribute":"Survey Statistics","SecondaryAttribute":null,"TertiaryAttribute":null,"Payload":{"MobileCompatible":true,"ID":"Survey Statistics"}},{"SurveyID":"SV_bIXcRE8JD08YkHH","Element":"QC","PrimaryAttribute":"Survey Question Count","SecondaryAttribute":"31","TertiaryAttribute":null,"Payload":null},{"SurveyID":"SV_bIXcRE8JD08YkHH","Element":"SQ","PrimaryAttribute":"QID30","SecondaryAttribute":"Click to write the question text","TertiaryAttribute":null,"Payload":{"QuestionText":"Click to write the question text","QuestionJS":"Qualtrics.SurveyEngine.addOnload(function()\n{\n\t\/*Place your JavaScript here to run when the page loads*\/\n\n});\n\nQualtrics.SurveyEngine.addOnReady(function()\n{\n\t\/*Place your JavaScript here to run when the page is fully displayed*\/\n\t\n\tvar that=this.questionId;\n    var element=\"<select id='s1'><option ><\/option><option value=OPTION1<\/option><option value='2'>OPTION2<\/option><option value='3'>OPTION3<option value='4'>OPTION4<option value='5'>OPTION5<\/select>\";\n    jQuery(element).insertAfter(\"#\"+that+\" .InputText:eq(3)\");\n    var element=\"<select id='s2'><option ><\/option><option value='1'>OPT1<\/option><option value='2'>OPT2<\/option><option value='3'>OPT3<option value='4'>OPT4<option value='5'>OPT5<option value='6'>OPT6<option value='7'>OPT7<option value='8'>OPT8<option value='9'>OPT9<option value='10'>OPT10<\/select>\";\n    jQuery(element).insertAfter(\"#\"+that+\" .InputText:eq(4)\");\n    jQuery(\"#\"+that+\" .InputText:eq(3)\").hide();\n    jQuery(\"#\"+that+\" .InputText:eq(4)\").hide();\n\n        jQuery(\"#\"+that+\" .InputText:eq(3)\").val(jQuery(\"#s1 option:selected\").text());\n        jQuery(\"#\"+that+\" .InputText:eq(4)\").val(jQuery(\"#s2 option:selected\").text());\n\n    jQuery(\"#s1\").on('change',function(){\n        jQuery(\"#\"+that+\" .InputText:eq(3)\").val(jQuery(\"#s1 option:selected\").text());\n    });\n\n        jQuery(\"#s2\").on('change',function(){\n        jQuery(\"#\"+that+\" .InputText:eq(4)\").val(jQuery(\"#s2 option:selected\").text());\n    });\n\n\n});\n\nQualtrics.SurveyEngine.addOnUnload(function()\n{\n\t\/*Place your JavaScript here to run when the page is unloaded*\/\n\n});","DefaultChoices":false,"DataExportTag":"Q16","QuestionType":"TE","Selector":"SL","Configuration":{"QuestionDescriptionOption":"UseText","AllowFreeResponse":"false"},"QuestionDescription":"Click to write the question text","Validation":{"Settings":{"ForceResponse":"OFF","ForceResponseType":"ON","Type":"None"}},"GradingData":[],"Language":[],"NextChoiceId":4,"NextAnswerId":1,"QuestionID":"QID30"}},{"SurveyID":"SV_bIXcRE8JD08YkHH","Element":"RS","PrimaryAttribute":"RS_bO6iW90vo9kJWM5","SecondaryAttribute":"Default Response Set","TertiaryAttribute":null,"Payload":null},{"SurveyID":"SV_bIXcRE8JD08YkHH","Element":"SQ","PrimaryAttribute":"QID27","SecondaryAttribute":"Do you own any clothing from the brands you've entered? Check all the brands you own","TertiaryAttribute":null,"Payload":{"QuestionText":"Do you own any clothing from the brands you've entered? Check all the brands you own","DefaultChoices":false,"DataExportTag":"Q3.2","QuestionType":"MC","Selector":"MACOL","SubSelector":"TX","DataVisibility":{"Private":false,"Hidden":false},"Configuration":{"QuestionDescriptionOption":"UseText","NumColumns":2},"QuestionDescription":"Do you own any clothing from the brands you've entered? Check all the brands you own","Choices":{"4":{"Display":"${q:\/\/QID8\/ChoiceTextEntryValue\/1}","DisplayLogic":{"0":{"0":{"LogicType":"Question","QuestionID":"QID8","QuestionIsInLoop":"no","ChoiceLocator":"q:\/\/QID8\/ChoiceTextEntryValue\/1","Operator":"NotEmpty","QuestionIDFromLocator":"QID8","LeftOperand":"q:\/\/QID8\/ChoiceTextEntryValue\/1","Type":"Expression","Description":"<span class=\"ConjDesc\">If<\/span> <span class=\"QuestionDesc\">Enter brands that you like and use<\/span> <span class=\"LeftOpDesc\">&amp;nbsp;<\/span> <span class=\"OpDesc\">Is Not Empty<\/span> "},"Type":"If"},"Type":"BooleanExpression","inPage":false}},"5":{"Display":"${q:\/\/QID8\/ChoiceTextEntryValue\/2}","DisplayLogic":{"0":{"0":{"LogicType":"Question","QuestionID":"QID8","QuestionIsInLoop":"no","ChoiceLocator":"q:\/\/QID8\/ChoiceTextEntryValue\/2","Operator":"NotEmpty","QuestionIDFromLocator":"QID8","LeftOperand":"q:\/\/QID8\/ChoiceTextEntryValue\/2","Type":"Expression","Description":"<span class=\"ConjDesc\">If<\/span> <span class=\"QuestionDesc\">Enter brands that you like and use<\/span> <span class=\"LeftOpDesc\">&amp;nbsp;<\/span> <span class=\"OpDesc\">Is Not Empty<\/span> "},"Type":"If"},"Type":"BooleanExpression","inPage":false}},"6":{"Display":"${q:\/\/QID8\/ChoiceTextEntryValue\/3}","DisplayLogic":{"0":{"0":{"LogicType":"Question","QuestionID":"QID8","QuestionIsInLoop":"no","ChoiceLocator":"q:\/\/QID8\/ChoiceTextEntryValue\/3","Operator":"NotEmpty","QuestionIDFromLocator":"QID8","LeftOperand":"q:\/\/QID8\/ChoiceTextEntryValue\/3","Type":"Expression","Description":"<span class=\"ConjDesc\">If<\/span> <span class=\"QuestionDesc\">Enter brands that you like and use<\/span> <span class=\"LeftOpDesc\">&amp;nbsp;<\/span> <span class=\"OpDesc\">Is Not Empty<\/span> "},"Type":"If"},"Type":"BooleanExpression","inPage":false}},"7":{"Display":"${q:\/\/QID8\/ChoiceTextEntryValue\/4}","DisplayLogic":{"0":{"0":{"LogicType":"Question","QuestionID":"QID8","QuestionIsInLoop":"no","ChoiceLocator":"q:\/\/QID8\/ChoiceTextEntryValue\/4","Operator":"NotEmpty","QuestionIDFromLocator":"QID8","LeftOperand":"q:\/\/QID8\/ChoiceTextEntryValue\/4","Type":"Expression","Description":"<span class=\"ConjDesc\">If<\/span> <span class=\"QuestionDesc\">Enter brands that you like and use<\/span> <span class=\"LeftOpDesc\">&amp;nbsp;<\/span> <span class=\"OpDesc\">Is Not Empty<\/span> "},"Type":"If"},"Type":"BooleanExpression","inPage":false}},"8":{"Display":"${q:\/\/QID8\/ChoiceTextEntryValue\/5}","DisplayLogic":{"0":{"0":{"LogicType":"Question","QuestionID":"QID8","QuestionIsInLoop":"no","ChoiceLocator":"q:\/\/QID8\/ChoiceTextEntryValue\/5","Operator":"NotEmpty","QuestionIDFromLocator":"QID8","LeftOperand":"q:\/\/QID8\/ChoiceTextEntryValue\/5","Type":"Expression","Description":"<span class=\"ConjDesc\">If<\/span> <span class=\"QuestionDesc\">Enter brands that you like and use<\/span> <span class=\"LeftOpDesc\">&amp;nbsp;<\/span> <span class=\"OpDesc\">Is Not Empty<\/span> "},"Type":"If"},"Type":"BooleanExpression","inPage":false}},"9":{"Display":"${q:\/\/QID22\/ChoiceTextEntryValue\/1}","DisplayLogic":{"0":{"0":{"LogicType":"Question","QuestionID":"QID22","QuestionIsInLoop":"no","ChoiceLocator":"q:\/\/QID22\/ChoiceTextEntryValue\/1","Operator":"NotEmpty","QuestionIDFromLocator":"QID22","LeftOperand":"q:\/\/QID22\/ChoiceTextEntryValue\/1","Type":"Expression","Description":"<span class=\"ConjDesc\">If<\/span> <span class=\"QuestionDesc\">Enter additional brands that you like and use<\/span> <span class=\"LeftOpDesc\">&amp;nbsp;<\/span> <span class=\"OpDesc\">Is Not Empty<\/span> "},"Type":"If"},"Type":"BooleanExpression","inPage":false}},"10":{"Display":"${q:\/\/QID22\/ChoiceTextEntryValue\/2}","DisplayLogic":{"0":{"0":{"LogicType":"Question","QuestionID":"QID22","QuestionIsInLoop":"no","ChoiceLocator":"q:\/\/QID22\/ChoiceTextEntryValue\/2","Operator":"NotEmpty","QuestionIDFromLocator":"QID22","LeftOperand":"q:\/\/QID22\/ChoiceTextEntryValue\/2","Type":"Expression","Description":"<span class=\"ConjDesc\">If<\/span> <span class=\"QuestionDesc\">Enter additional brands that you like and use<\/span> <span class=\"LeftOpDesc\">&amp;nbsp;<\/span> <span class=\"OpDesc\">Is Not Empty<\/span> "},"Type":"If"},"Type":"BooleanExpression","inPage":false}},"11":{"Display":"${q:\/\/QID22\/ChoiceTextEntryValue\/3}","DisplayLogic":{"0":{"0":{"LogicType":"Question","QuestionID":"QID22","QuestionIsInLoop":"no","ChoiceLocator":"q:\/\/QID22\/ChoiceTextEntryValue\/4","Operator":"NotEmpty","QuestionIDFromLocator":"QID22","LeftOperand":"q:\/\/QID22\/ChoiceTextEntryValue\/4","Type":"Expression","Description":"<span class=\"ConjDesc\">If<\/span> <span class=\"QuestionDesc\">Enter additional brands that you like and use<\/span> <span class=\"LeftOpDesc\">&amp;nbsp;<\/span> <span class=\"OpDesc\">Is Not Empty<\/span> "},"Type":"If"},"Type":"BooleanExpression","inPage":false}},"12":{"Display":"${q:\/\/QID22\/ChoiceTextEntryValue\/5}","DisplayLogic":{"0":{"0":{"LogicType":"Question","QuestionID":"QID22","QuestionIsInLoop":"no","ChoiceLocator":"q:\/\/QID22\/ChoiceTextEntryValue\/5","Operator":"NotEmpty","QuestionIDFromLocator":"QID22","LeftOperand":"q:\/\/QID22\/ChoiceTextEntryValue\/5","Type":"Expression","Description":"<span class=\"ConjDesc\">If<\/span> <span class=\"QuestionDesc\">Enter additional brands that you like and use<\/span> <span class=\"LeftOpDesc\">&amp;nbsp;<\/span> <span class=\"OpDesc\">Is Not Empty<\/span> "},"Type":"If"},"Type":"BooleanExpression","inPage":false}},"13":{"Display":"${q:\/\/QID26\/ChoiceTextEntryValue\/1}","DisplayLogic":{"0":{"0":{"LogicType":"Question","QuestionID":"QID26","QuestionIsInLoop":"no","ChoiceLocator":"q:\/\/QID26\/ChoiceTextEntryValue\/1","Operator":"NotEmpty","QuestionIDFromLocator":"QID26","LeftOperand":"q:\/\/QID26\/ChoiceTextEntryValue\/1","Type":"Expression","Description":"<span class=\"ConjDesc\">If<\/span> <span class=\"QuestionDesc\"><\/span> <span class=\"LeftOpDesc\">&amp;nbsp;<\/span> <span class=\"OpDesc\">Is Not Empty<\/span> "},"Type":"If"},"Type":"BooleanExpression","inPage":false}},"14":{"Display":"${q:\/\/QID26\/ChoiceTextEntryValue\/2}","DisplayLogic":{"0":{"0":{"LogicType":"Question","QuestionID":"QID26","QuestionIsInLoop":"no","ChoiceLocator":"q:\/\/QID26\/ChoiceTextEntryValue\/2","Operator":"NotEmpty","QuestionIDFromLocator":"QID26","LeftOperand":"q:\/\/QID26\/ChoiceTextEntryValue\/2","Type":"Expression","Description":"<span class=\"ConjDesc\">If<\/span> <span class=\"QuestionDesc\"><\/span> <span class=\"LeftOpDesc\">&amp;nbsp;<\/span> <span class=\"OpDesc\">Is Not Empty<\/span> "},"Type":"If"},"Type":"BooleanExpression","inPage":false}},"15":{"Display":"${q:\/\/QID26\/ChoiceTextEntryValue\/3}","DisplayLogic":{"0":{"0":{"LogicType":"Question","QuestionID":"QID26","QuestionIsInLoop":"no","ChoiceLocator":"q:\/\/QID26\/ChoiceTextEntryValue\/3","Operator":"NotEmpty","QuestionIDFromLocator":"QID26","LeftOperand":"q:\/\/QID26\/ChoiceTextEntryValue\/3","Type":"Expression","Description":"<span class=\"ConjDesc\">If<\/span> <span class=\"QuestionDesc\"><\/span> <span class=\"LeftOpDesc\">&amp;nbsp;<\/span> <span class=\"OpDesc\">Is Not Empty<\/span> "},"Type":"If"},"Type":"BooleanExpression","inPage":false}},"16":{"Display":"${q:\/\/QID26\/ChoiceTextEntryValue\/4}","DisplayLogic":{"0":{"0":{"LogicType":"Question","QuestionID":"QID26","QuestionIsInLoop":"no","ChoiceLocator":"q:\/\/QID26\/ChoiceTextEntryValue\/4","Operator":"NotEmpty","QuestionIDFromLocator":"QID26","LeftOperand":"q:\/\/QID26\/ChoiceTextEntryValue\/4","Type":"Expression","Description":"<span class=\"ConjDesc\">If<\/span> <span class=\"QuestionDesc\"><\/span> <span class=\"LeftOpDesc\">&amp;nbsp;<\/span> <span class=\"OpDesc\">Is Not Empty<\/span> "},"Type":"If"},"Type":"BooleanExpression","inPage":false}},"17":{"Display":"${q:\/\/QID26\/ChoiceTextEntryValue\/5}","DisplayLogic":{"0":{"0":{"LogicType":"Question","QuestionID":"QID26","QuestionIsInLoop":"no","ChoiceLocator":"q:\/\/QID26\/ChoiceTextEntryValue\/5","Operator":"NotEmpty","QuestionIDFromLocator":"QID26","LeftOperand":"q:\/\/QID26\/ChoiceTextEntryValue\/5","Type":"Expression","Description":"<span class=\"ConjDesc\">If<\/span> <span class=\"QuestionDesc\"><\/span> <span class=\"LeftOpDesc\">&amp;nbsp;<\/span> <span class=\"OpDesc\">Is Not Empty<\/span> "},"Type":"If"},"Type":"BooleanExpression","inPage":false}}},"ChoiceOrder":["4","5","6","7","8","9","10","11","12","13","14","15","16","17"],"Validation":{"Settings":{"ForceResponse":"OFF","ForceResponseType":"ON","Type":"None"}},"GradingData":[],"Language":[],"NextChoiceId":18,"NextAnswerId":1,"QuestionID":"QID27","QuestionText_Unsafe":"Do you own clothing from any of these brands?"}},{"SurveyID":"SV_bIXcRE8JD08YkHH","Element":"SQ","PrimaryAttribute":"QID20","SecondaryAttribute":"Do you own any clothing from these brands? Check all the brands you own","TertiaryAttribute":null,"Payload":{"QuestionText":"Do you own any clothing from these brands? Check all the brands you own","DataExportTag":"Q5.1","QuestionType":"MC","Selector":"MAVR","SubSelector":"TX","Configuration":{"QuestionDescriptionOption":"UseText"},"QuestionDescription":"Do you own any clothing from these brands? Check all the brands you own","Choices":[],"ChoiceOrder":[],"Validation":{"Settings":{"ForceResponse":"OFF","ForceResponseType":"ON","Type":"None"}},"Language":[],"NextChoiceId":1,"NextAnswerId":1,"QuestionID":"QID20","DynamicChoices":{"DynamicType":"ChoiceGroup","Locator":"q:\/\/QID8\/ChoiceGroup\/EnteredChoicesTextEntry","Type":"Dynamic","Description":"Entered Choices - Entered Text"},"DynamicChoicesData":[],"DataVisibility":{"Private":false,"Hidden":false},"QuestionText_Unsafe":"Do you own any clothing from these brands? Check all the brands you own"}},{"SurveyID":"SV_bIXcRE8JD08YkHH","Element":"SQ","PrimaryAttribute":"QID23","SecondaryAttribute":"Do you own any clothing from these brands? Check all the brands you own","TertiaryAttribute":null,"Payload":{"QuestionText":"Do you own any clothing from these brands? Check all the brands you own","DefaultChoices":false,"DataExportTag":"Q4.1","QuestionType":"MC","Selector":"MAVR","Configuration":{"QuestionDescriptionOption":"UseText"},"QuestionDescription":"Do you own any clothing from these brands? Check all the brands you own","Choices":{"4":{"Display":"${q:\/\/QID8\/ChoiceTextEntryValue\/1}","DisplayLogic":{"0":{"0":{"LogicType":"Question","QuestionID":"QID8","QuestionIsInLoop":"no","ChoiceLocator":"q:\/\/QID8\/ChoiceTextEntryValue\/1","Operator":"NotEmpty","QuestionIDFromLocator":"QID8","LeftOperand":"q:\/\/QID8\/ChoiceTextEntryValue\/1","Type":"Expression","Description":"<span class=\"ConjDesc\">If<\/span> <span class=\"QuestionDesc\">Enter brands that you like and use<\/span> <span class=\"LeftOpDesc\">&amp;nbsp;<\/span> <span class=\"OpDesc\">Is Not Empty<\/span> "},"Type":"If"},"Type":"BooleanExpression","inPage":false}},"5":{"Display":"${q:\/\/QID8\/ChoiceTextEntryValue\/2}","DisplayLogic":{"0":{"0":{"LogicType":"Question","QuestionID":"QID8","QuestionIsInLoop":"no","ChoiceLocator":"q:\/\/QID8\/ChoiceTextEntryValue\/2","Operator":"NotEmpty","QuestionIDFromLocator":"QID8","LeftOperand":"q:\/\/QID8\/ChoiceTextEntryValue\/2","Type":"Expression","Description":"<span class=\"ConjDesc\">If<\/span> <span class=\"QuestionDesc\">Enter brands that you like and use<\/span> <span class=\"LeftOpDesc\">&amp;nbsp;<\/span> <span class=\"OpDesc\">Is Not Empty<\/span> "},"Type":"If"},"Type":"BooleanExpression","inPage":false}},"6":{"Display":"${q:\/\/QID8\/ChoiceTextEntryValue\/3}","DisplayLogic":{"0":{"0":{"LogicType":"Question","QuestionID":"QID8","QuestionIsInLoop":"no","ChoiceLocator":"q:\/\/QID8\/ChoiceTextEntryValue\/3","Operator":"NotEmpty","QuestionIDFromLocator":"QID8","LeftOperand":"q:\/\/QID8\/ChoiceTextEntryValue\/3","Type":"Expression","Description":"<span class=\"ConjDesc\">If<\/span> <span class=\"QuestionDesc\">Enter brands that you like and use<\/span> <span class=\"LeftOpDesc\">&amp;nbsp;<\/span> <span class=\"OpDesc\">Is Not Empty<\/span> "},"Type":"If"},"Type":"BooleanExpression","inPage":false}},"7":{"Display":"${q:\/\/QID8\/ChoiceTextEntryValue\/4}","DisplayLogic":{"0":{"0":{"LogicType":"Question","QuestionID":"QID8","QuestionIsInLoop":"no","ChoiceLocator":"q:\/\/QID8\/ChoiceTextEntryValue\/4","Operator":"NotEmpty","QuestionIDFromLocator":"QID8","LeftOperand":"q:\/\/QID8\/ChoiceTextEntryValue\/4","Type":"Expression","Description":"<span class=\"ConjDesc\">If<\/span> <span class=\"QuestionDesc\">Enter brands that you like and use<\/span> <span class=\"LeftOpDesc\">&amp;nbsp;<\/span> <span class=\"OpDesc\">Is Not Empty<\/span> "},"Type":"If"},"Type":"BooleanExpression","inPage":false}},"8":{"Display":"${q:\/\/QID8\/ChoiceTextEntryValue\/5}","DisplayLogic":{"0":{"0":{"LogicType":"Question","QuestionID":"QID8","QuestionIsInLoop":"no","ChoiceLocator":"q:\/\/QID8\/ChoiceTextEntryValue\/5","Operator":"NotEmpty","QuestionIDFromLocator":"QID8","LeftOperand":"q:\/\/QID8\/ChoiceTextEntryValue\/5","Type":"Expression","Description":"<span class=\"ConjDesc\">If<\/span> <span class=\"QuestionDesc\">Enter brands that you like and use<\/span> <span class=\"LeftOpDesc\">&amp;nbsp;<\/span> <span class=\"OpDesc\">Is Not Empty<\/span> "},"Type":"If"},"Type":"BooleanExpression","inPage":false}},"9":{"Display":"${q:\/\/QID22\/ChoiceTextEntryValue\/1}","DisplayLogic":{"0":{"0":{"LogicType":"Question","QuestionID":"QID22","QuestionIsInLoop":"no","ChoiceLocator":"q:\/\/QID22\/ChoiceTextEntryValue\/1","Operator":"NotEmpty","QuestionIDFromLocator":"QID22","LeftOperand":"q:\/\/QID22\/ChoiceTextEntryValue\/1","Type":"Expression","Description":"<span class=\"ConjDesc\">If<\/span> <span class=\"QuestionDesc\">Enter additional brands that you like and use<\/span> <span class=\"LeftOpDesc\">&amp;nbsp;<\/span> <span class=\"OpDesc\">Is Not Empty<\/span> "},"Type":"If"},"Type":"BooleanExpression","inPage":false}},"10":{"Display":"${q:\/\/QID22\/ChoiceTextEntryValue\/2}","DisplayLogic":{"0":{"0":{"LogicType":"Question","QuestionID":"QID22","QuestionIsInLoop":"no","ChoiceLocator":"q:\/\/QID22\/ChoiceTextEntryValue\/2","Operator":"NotEmpty","QuestionIDFromLocator":"QID22","LeftOperand":"q:\/\/QID22\/ChoiceTextEntryValue\/2","Type":"Expression","Description":"<span class=\"ConjDesc\">If<\/span> <span class=\"QuestionDesc\">Enter additional brands that you like and use<\/span> <span class=\"LeftOpDesc\">&amp;nbsp;<\/span> <span class=\"OpDesc\">Is Not Empty<\/span> "},"Type":"If"},"Type":"BooleanExpression","inPage":false}},"11":{"Display":"${q:\/\/QID22\/ChoiceTextEntryValue\/3}","DisplayLogic":{"0":{"0":{"LogicType":"Question","QuestionID":"QID22","QuestionIsInLoop":"no","ChoiceLocator":"q:\/\/QID22\/ChoiceTextEntryValue\/4","Operator":"NotEmpty","QuestionIDFromLocator":"QID22","LeftOperand":"q:\/\/QID22\/ChoiceTextEntryValue\/4","Type":"Expression","Description":"<span class=\"ConjDesc\">If<\/span> <span class=\"QuestionDesc\">Enter additional brands that you like and use<\/span> <span class=\"LeftOpDesc\">&amp;nbsp;<\/span> <span class=\"OpDesc\">Is Not Empty<\/span> "},"Type":"If"},"Type":"BooleanExpression","inPage":false}},"14":{"Display":"${q:\/\/QID22\/ChoiceTextEntryValue\/4}","DisplayLogic":{"0":{"0":{"LogicType":"Question","QuestionID":"QID22","QuestionIsInLoop":"no","ChoiceLocator":"q:\/\/QID22\/ChoiceTextEntryValue\/4","Operator":"NotEmpty","QuestionIDFromLocator":"QID22","LeftOperand":"q:\/\/QID22\/ChoiceTextEntryValue\/4","Type":"Expression","Description":"<span class=\"ConjDesc\">If<\/span> <span class=\"QuestionDesc\">Enter additional brands that you like and use<\/span> <span class=\"LeftOpDesc\">&amp;nbsp;<\/span> <span class=\"OpDesc\">Is Not Empty<\/span> "},"Type":"If"},"Type":"BooleanExpression","inPage":false}},"15":{"Display":"${q:\/\/QID22\/ChoiceTextEntryValue\/5}","DisplayLogic":{"0":{"0":{"LogicType":"Question","QuestionID":"QID22","QuestionIsInLoop":"no","ChoiceLocator":"q:\/\/QID22\/ChoiceTextEntryValue\/5","Operator":"NotEmpty","QuestionIDFromLocator":"QID22","LeftOperand":"q:\/\/QID22\/ChoiceTextEntryValue\/5","Type":"Expression","Description":"<span class=\"ConjDesc\">If<\/span> <span class=\"QuestionDesc\">Enter additional brands that you like and use<\/span> <span class=\"LeftOpDesc\">&amp;nbsp;<\/span> <span class=\"OpDesc\">Is Not Empty<\/span> "},"Type":"If"},"Type":"BooleanExpression","inPage":false}}},"DynamicChoicesData":[],"ChoiceOrder":["4","5","6","7","8","9","10","11","14","15"],"Validation":{"Settings":{"ForceResponse":"OFF","ForceResponseType":"ON","Type":"None"}},"GradingData":[],"Language":[],"NextChoiceId":16,"NextAnswerId":1,"QuestionID":"QID23","SubSelector":"TX","DataVisibility":{"Private":false,"Hidden":false},"QuestionText_Unsafe":"Do you own clothing from any of these brands?"}},{"SurveyID":"SV_bIXcRE8JD08YkHH","Element":"SQ","PrimaryAttribute":"QID21","SecondaryAttribute":"Do you want to enter additional brands?","TertiaryAttribute":null,"Payload":{"QuestionText":"Do you want to enter additional brands?","DataExportTag":"Q1.3","QuestionType":"MC","Selector":"SAVR","SubSelector":"TX","Configuration":{"QuestionDescriptionOption":"UseText"},"QuestionDescription":"Do you want to enter additional brands?","Choices":{"1":{"Display":"Yes"},"2":{"Display":"No"}},"ChoiceOrder":[1,2],"Validation":{"Settings":{"ForceResponse":"ON","ForceResponseType":"ON","Type":"None"}},"Language":[],"NextChoiceId":3,"NextAnswerId":1,"QuestionID":"QID21","DataVisibility":{"Private":false,"Hidden":false},"QuestionText_Unsafe":"Do you want to enter additional brands?","QuestionJS":false}},{"SurveyID":"SV_bIXcRE8JD08YkHH","Element":"SQ","PrimaryAttribute":"QID24","SecondaryAttribute":"Do you want to enter more brands?","TertiaryAttribute":null,"Payload":{"QuestionText":"Do you want to enter more brands?","DataExportTag":"Q2.2","QuestionType":"MC","Selector":"SAVR","SubSelector":"TX","Configuration":{"QuestionDescriptionOption":"UseText"},"QuestionDescription":"Do you want to enter more brands?","Choices":{"35":{"Display":"Yes"},"36":{"Display":"No"}},"ChoiceOrder":["35","36"],"Validation":{"Settings":{"ForceResponse":"OFF","ForceResponseType":"ON","Type":"None"}},"Language":[],"NextChoiceId":37,"NextAnswerId":1,"QuestionID":"QID24","DataVisibility":{"Private":false,"Hidden":false},"QuestionText_Unsafe":"Do you want to enter more brands?"}},{"SurveyID":"SV_bIXcRE8JD08YkHH","Element":"SQ","PrimaryAttribute":"QID31","SecondaryAttribute":"Here is your ID ${rand:\/\/int\/1:10000} \u00a0 Please save this ID for your records (Copy this value to...","TertiaryAttribute":null,"Payload":{"QuestionText":"Here is your ID ${rand:\/\/int\/1:10000}\n<div>&nbsp;<\/div>\n\n<div>Please save this ID for your records (Copy this value to paste into MTurk)<\/div>\n\n<div>&nbsp;<\/div>\n\n<div>When you copied this ID, please click below to submit your survey.<\/div>","DefaultChoices":false,"DataExportTag":"Q17","QuestionType":"DB","Selector":"TB","Configuration":{"QuestionDescriptionOption":"UseText"},"QuestionDescription":"Here is your ID ${rand:\/\/int\/1:10000} \u00a0 Please save this ID for your records (Copy this value to...","ChoiceOrder":[],"Validation":{"Settings":{"Type":"None"}},"GradingData":[],"Language":[],"NextChoiceId":4,"NextAnswerId":1,"QuestionID":"QID31","DataVisibility":{"Private":false,"Hidden":false}}},{"SurveyID":"SV_bIXcRE8JD08YkHH","Element":"SQ","PrimaryAttribute":"QID17","SecondaryAttribute":"How old are you?","TertiaryAttribute":null,"Payload":{"QuestionText":"How old are you?","DataExportTag":"Q6.2","QuestionType":"MC","Selector":"DL","Configuration":{"QuestionDescriptionOption":"UseText"},"QuestionDescription":"How old are you?","Choices":{"1":{"Display":"Under 18"},"2":{"Display":"18 - 24"},"3":{"Display":"25 - 34"},"4":{"Display":"35 - 44"},"5":{"Display":"45 - 54"},"6":{"Display":"55 - 64"},"7":{"Display":"65 - 74"},"8":{"Display":"75 - 84"},"9":{"Display":"85 or older"}},"ChoiceOrder":[1,2,3,4,5,6,7,8,9],"Validation":{"Settings":{"ForceResponse":"OFF","ForceResponseType":"ON","Type":"None"}},"Language":[],"NextChoiceId":10,"NextAnswerId":1,"QuestionID":"QID17","QuestionText_Unsafe":"How old are you?","DataVisibility":{"Private":false,"Hidden":false}}},{"SurveyID":"SV_bIXcRE8JD08YkHH","Element":"SQ","PrimaryAttribute":"QID22","SecondaryAttribute":"Please enter the names of the brands that you like and use. (One name per box)","TertiaryAttribute":null,"Payload":{"QuestionText":"<div>Please enter the names of the brands that you like and use. (One name per box)<\/div>","DefaultChoices":false,"DataExportTag":"Q2.1","QuestionType":"TE","Selector":"FORM","Configuration":{"QuestionDescriptionOption":"UseText","AllowFreeResponse":"false"},"QuestionDescription":"Please enter the names of the brands that you like and use. (One name per box)","Choices":{"1":{"Display":"&nbsp;","TextEntry":"on","InputHeight":29,"InputWidth":304},"2":{"Display":"&nbsp;","TextEntry":"on","InputHeight":29,"InputWidth":304},"3":{"Display":"&nbsp;","TextEntry":"on","InputHeight":29,"InputWidth":302},"4":{"Display":"&nbsp;","TextEntry":"on","InputHeight":29,"InputWidth":299},"5":{"Display":"&nbsp;","TextEntry":"on","InputHeight":29,"InputWidth":300}},"ChoiceOrder":[1,2,3,4,5],"Validation":{"Settings":{"ForceResponse":"OFF","ForceResponseType":"ON","Type":null}},"GradingData":[],"Language":[],"NextChoiceId":6,"NextAnswerId":1,"QuestionID":"QID22","DataVisibility":{"Private":false,"Hidden":false},"QuestionText_Unsafe":"Enter additional brands that you like and use","QuestionJS":false,"SearchSource":{"AllowFreeResponse":"false"}}},{"SurveyID":"SV_bIXcRE8JD08YkHH","Element":"SQ","PrimaryAttribute":"QID8","SecondaryAttribute":"Please enter the names of the fashion brands that you like and use. (One name per box)","TertiaryAttribute":null,"Payload":{"QuestionText":"Please enter the names of the fashion brands that you like and use. (One name per box)","DefaultChoices":false,"DataExportTag":"Q1.2","QuestionType":"TE","Selector":"FORM","Configuration":{"QuestionDescriptionOption":"UseText","AllowFreeResponse":"false"},"QuestionDescription":"Please enter the names of the fashion brands that you like and use. (One name per box)","Choices":{"1":{"Display":"&nbsp;","TextEntry":"on","InputHeight":29,"InputWidth":307,"TextEntryLength":"Short"},"2":{"Display":"&nbsp;","TextEntry":"on","InputHeight":29,"InputWidth":308,"TextEntryLength":"Short"},"3":{"Display":"&nbsp;","TextEntry":"on","InputHeight":29,"InputWidth":308,"TextEntryLength":"Short"},"4":{"Display":"&nbsp;","TextEntry":"on","InputHeight":29,"InputWidth":307,"TextEntryLength":"Short"},"5":{"Display":"&nbsp;","TextEntry":"on","InputHeight":29,"InputWidth":308,"TextEntryLength":"Short"}},"ChoiceOrder":[1,2,3,4,5],"Validation":{"Settings":{"ForceResponse":"ON","ForceResponseType":"ON","Type":null}},"GradingData":[],"Language":[],"NextChoiceId":6,"NextAnswerId":1,"QuestionID":"QID8","QuestionText_Unsafe":"Enter brands that you like and use","DataVisibility":{"Private":false,"Hidden":false},"QuestionJS":false,"SearchSource":{"AllowFreeResponse":"false"}}},{"SurveyID":"SV_bIXcRE8JD08YkHH","Element":"SQ","PrimaryAttribute":"QID26","SecondaryAttribute":"Please enter the names of the fashion brands that you like and use. (One name per box)","TertiaryAttribute":null,"Payload":{"QuestionText":"Please enter the names of the fashion brands that you like and use. (One name per box)","DefaultChoices":false,"DataExportTag":"Q3.1","QuestionType":"TE","Selector":"FORM","DataVisibility":{"Private":false,"Hidden":false},"Configuration":{"QuestionDescriptionOption":"UseText","AllowFreeResponse":"false"},"QuestionDescription":"Please enter the names of the fashion brands that you like and use. (One name per box)","Choices":{"1":{"Display":"&nbsp;","TextEntry":"on","InputHeight":29,"InputWidth":261},"2":{"Display":"&nbsp;","TextEntry":"on","InputHeight":29,"InputWidth":261},"3":{"Display":"&nbsp;","TextEntry":"on","InputHeight":29,"InputWidth":260},"4":{"Display":"&nbsp;","TextEntry":"on","InputHeight":29,"InputWidth":261},"5":{"Display":"&nbsp;","TextEntry":"on","InputHeight":29,"InputWidth":261}},"ChoiceOrder":["1","2","3","4","5"],"Validation":{"Settings":{"ForceResponse":"OFF","ForceResponseType":"ON","Type":null}},"GradingData":[],"Language":[],"NextChoiceId":6,"NextAnswerId":1,"QuestionID":"QID26","QuestionText_Unsafe":"Enter more brands you like and use","QuestionJS":false,"SearchSource":{"AllowFreeResponse":"false"}}},{"SurveyID":"SV_bIXcRE8JD08YkHH","Element":"SQ","PrimaryAttribute":"QID28","SecondaryAttribute":"Please rank the brands you entered from your favorite (at the top) to least favorite (at the bottom)","TertiaryAttribute":null,"Payload":{"QuestionText":"Please rank the brands you entered from your favorite (at the top) to least favorite (at the bottom)","DefaultChoices":false,"DataExportTag":"Q15","QuestionType":"RO","Selector":"SB","Configuration":{"QuestionDescriptionOption":"UseText"},"QuestionDescription":"Please rank the brands you entered from your favorite (at the top) to least favorite (at the bottom)","Choices":[],"DynamicChoices":{"DynamicType":"ChoiceGroup","Locator":"q:\/\/QID27\/ChoiceGroup\/DisplayedChoices","Type":"Dynamic","Description":"Displayed Choices"},"DynamicChoicesData":[],"ChoiceOrder":[],"Validation":{"Settings":{"Type":"None"}},"GradingData":[],"Language":[],"NextChoiceId":4,"NextAnswerId":1,"QuestionID":"QID28","DataVisibility":{"Private":false,"Hidden":false}}},{"SurveyID":"SV_bIXcRE8JD08YkHH","Element":"SQ","PrimaryAttribute":"QID10","SecondaryAttribute":"Please rank your brands from your favorite (at the top) to least favorite (at the bottom)","TertiaryAttribute":null,"Payload":{"QuestionText":"Please rank your brands from your favorite (at the top) to least favorite (at the bottom)","DefaultChoices":false,"DataExportTag":"Q5.2","QuestionType":"RO","Selector":"SB","Configuration":{"QuestionDescriptionOption":"UseText"},"QuestionDescription":"Please rank your brands from your favorite (at the top) to least favorite (at the bottom)","Choices":[],"ChoiceOrder":[],"Validation":{"Settings":{"Type":"None"}},"GradingData":[],"Language":[],"NextChoiceId":1,"NextAnswerId":1,"QuestionID":"QID10","DynamicChoices":{"DynamicType":"ChoiceGroup","Locator":"q:\/\/QID8\/ChoiceGroup\/EnteredChoicesTextEntry","Type":"Dynamic","Description":"Entered Choices - Entered Text"},"DynamicChoicesData":[],"QuestionText_Unsafe":"Rank your brands&nbsp;","DataVisibility":{"Private":false,"Hidden":false}}},{"SurveyID":"SV_bIXcRE8JD08YkHH","Element":"SQ","PrimaryAttribute":"QID29","SecondaryAttribute":"Please rank your brands from your favorite (at the top) to least favorite (at the bottom)","TertiaryAttribute":null,"Payload":{"QuestionText":"Please rank your brands from your favorite (at the top) to least favorite (at the bottom)","DefaultChoices":false,"DataExportTag":"Q16","QuestionType":"RO","Selector":"SB","Configuration":{"QuestionDescriptionOption":"UseText"},"QuestionDescription":"Please rank your brands from your favorite (at the top) to least favorite (at the bottom)","Choices":[],"DynamicChoices":{"DynamicType":"ChoiceGroup","Locator":"q:\/\/QID23\/ChoiceGroup\/DisplayedChoices","Type":"Dynamic","Description":"Displayed Choices"},"DynamicChoicesData":[],"ChoiceOrder":[],"Validation":{"Settings":{"ForceResponse":null,"Type":"None"}},"GradingData":[],"Language":[],"NextChoiceId":4,"NextAnswerId":1,"QuestionID":"QID29"}},{"SurveyID":"SV_bIXcRE8JD08YkHH","Element":"SQ","PrimaryAttribute":"QID1","SecondaryAttribute":"Thank you for participating in the Fashion Brands survey. This survey will ask questions about ab...","TertiaryAttribute":null,"Payload":{"QuestionText":"Thank you for participating in the Fashion Brands survey. This survey will ask questions about&nbsp; about your\npreferences in regards to fashion (clothing and accessories) brands, and it will take no more than 5 minutes to complete. When answering the survey, please think about the brands you like and use,&nbsp; brands that your friends like and use. Your responses are completely anonymous and will be kept confidential.","DefaultChoices":false,"DataExportTag":"Q1.1","QuestionType":"DB","Selector":"TB","Configuration":{"QuestionDescriptionOption":"UseText"},"QuestionDescription":"Thank you for participating in the Fashion Brands survey. This survey will ask questions about ab...","ChoiceOrder":[],"Validation":{"Settings":{"Type":"None"}},"GradingData":[],"Language":[],"NextChoiceId":4,"NextAnswerId":1,"QuestionID":"QID1","DataVisibility":{"Private":false,"Hidden":false},"QuestionText_Unsafe":"Survey about clothing and accessories brands. Think about the brands you like and use,&nbsp; brands that your friends like and use."}},{"SurveyID":"SV_bIXcRE8JD08YkHH","Element":"SQ","PrimaryAttribute":"QID18","SecondaryAttribute":"What's your gender?","TertiaryAttribute":null,"Payload":{"QuestionText":"What's your gender?","DataExportTag":"Q6.3","QuestionType":"MC","Selector":"SAVR","SubSelector":"TX","Configuration":{"QuestionDescriptionOption":"UseText"},"QuestionDescription":"What's your gender?","Choices":{"1":{"Display":"Male"},"2":{"Display":"Female"},"3":{"Display":"Prefer not to disclose"}},"ChoiceOrder":[1,2,3],"Validation":{"Settings":{"ForceResponse":"OFF","ForceResponseType":"ON","Type":"None"}},"Language":[],"NextChoiceId":4,"NextAnswerId":1,"QuestionID":"QID18","QuestionText_Unsafe":"What's your gender?","DataVisibility":{"Private":false,"Hidden":false}}},{"SurveyID":"SV_bIXcRE8JD08YkHH","Element":"SQ","PrimaryAttribute":"QID16","SecondaryAttribute":"What's your interest in fashion?","TertiaryAttribute":null,"Payload":{"QuestionText":"What's your interest in fashion?","DataExportTag":"Q6.1","QuestionType":"MC","Selector":"SAVR","SubSelector":"TX","Configuration":{"QuestionDescriptionOption":"UseText"},"QuestionDescription":"What's your interest in fashion?","Choices":{"1":{"Display":"Very interested"},"2":{"Display":"Somewhat interested"},"3":{"Display":"A little interested"},"5":{"Display":"Not interested at all"}},"ChoiceOrder":[1,2,3,"5"],"Validation":{"Settings":{"ForceResponse":"OFF","ForceResponseType":"ON","Type":"None"}},"Language":[],"NextChoiceId":6,"NextAnswerId":1,"QuestionID":"QID16","QuestionText_Unsafe":"What's your interest in fashion?","DataVisibility":{"Private":false,"Hidden":false}}}]}